
Microsoft Visual Studio Solution File, Format Version 12.00
# Visual Studio Version 17
VisualStudioVersion = 17.2.32505.173
MinimumVisualStudioVersion = 10.0.40219.1
Project("{FAE04EC0-301F-11D3-BF4B-00C04F79EFBC}") = "ServerBranding", "ServerBranding\ServerBranding.csproj", "{0DF0766B-0BCD-4131-B6CD-7F1AA2164F37}"
EndProject
Global
	GlobalSection(SolutionConfigurationPlatforms) = preSolution
		Debug|Any CPU = Debug|Any CPU
		Release|Any CPU = Release|Any CPU
	EndGlobalSection
	GlobalSection(ProjectConfigurationPlatforms) = postSolution
		{0DF0766B-0BCD-4131-B6CD-7F1AA2164F37}.Debug|Any CPU.ActiveCfg = Debug|Any CPU
		{0DF0766B-0BCD-4131-B6CD-7F1AA2164F37}.Debug|Any CPU.Build.0 = Debug|Any CPU
		{0DF0766B-0BCD-4131-B6CD-7F1AA2164F37}.Release|Any CPU.ActiveCfg = Release|Any CPU
		{0DF0766B-0BCD-4131-B6CD-7F1AA2164F37}.Release|Any CPU.Build.0 = Release|Any CPU
	EndGlobalSection
	GlobalSection(SolutionProperties) = preSolution
		HideSolutionNode = FALSE
	EndGlobalSection
	GlobalSection(ExtensibilityGlobals) = postSolution
		SolutionGuid = {9801882B-319B-4DFC-85D4-C3B9644E44A5}
	EndGlobalSection
EndGlobal
